// !$*UTF8*$!
{
	archiveVersion = 1;
	classes = {
	};
	objectVersion = 50;
	objects = {

/* Begin PBXBuildFile section */
		F26A15E826B9854000629304 /* AppDelegate.swift in Sources */ = {isa = PBXBuildFile; fileRef = F26A15E726B9854000629304 /* AppDelegate.swift */; };
		F26A15EA26B9854000629304 /* SceneDelegate.swift in Sources */ = {isa = PBXBuildFile; fileRef = F26A15E926B9854000629304 /* SceneDelegate.swift */; };
		F26A15EF26B9854100629304 /* Main.storyboard in Resources */ = {isa = PBXBuildFile; fileRef = F26A15ED26B9854100629304 /* Main.storyboard */; };
		F26A15F126B9854200629304 /* Assets.xcassets in Resources */ = {isa = PBXBuildFile; fileRef = F26A15F026B9854200629304 /* Assets.xcassets */; };
		F26A15F426B9854200629304 /* LaunchScreen.storyboard in Resources */ = {isa = PBXBuildFile; fileRef = F26A15F226B9854200629304 /* LaunchScreen.storyboard */; };
		F26A15FD26B986F200629304 /* CookList.xcdatamodeld in Sources */ = {isa = PBXBuildFile; fileRef = F26A15FB26B986F200629304 /* CookList.xcdatamodeld */; };
		F26A15FF26B9897B00629304 /* CookCreateViewController.swift in Sources */ = {isa = PBXBuildFile; fileRef = F26A15FE26B9897B00629304 /* CookCreateViewController.swift */; };
		F26A160126B989BF00629304 /* CookListViewController.swift in Sources */ = {isa = PBXBuildFile; fileRef = F26A160026B989BF00629304 /* CookListViewController.swift */; };
/* End PBXBuildFile section */

/* Begin PBXFileReference section */
		F26A15E426B9854000629304 /* CookList.app */ = {isa = PBXFileReference; explicitFileType = wrapper.application; includeInIndex = 0; path = CookList.app; sourceTree = BUILT_PRODUCTS_DIR; };
		F26A15E726B9854000629304 /* AppDelegate.swift */ = {isa = PBXFileReference; lastKnownFileType = sourcecode.swift; path = AppDelegate.swift; sourceTree = "<group>"; };
		F26A15E926B9854000629304 /* SceneDelegate.swift */ = {isa = PBXFileReference; lastKnownFileType = sourcecode.swift; path = SceneDelegate.swift; sourceTree = "<group>"; };
		F26A15EE26B9854100629304 /* Base */ = {isa = PBXFileReference; lastKnownFileType = file.storyboard; name = Base; path = Base.lproj/Main.storyboard; sourceTree = "<group>"; };
		F26A15F026B9854200629304 /* Assets.xcassets */ = {isa = PBXFileReference; lastKnownFileType = folder.assetcatalog; path = Assets.xcassets; sourceTree = "<group>"; };
		F26A15F326B9854200629304 /* Base */ = {isa = PBXFileReference; lastKnownFileType = file.storyboard; name = Base; path = Base.lproj/LaunchScreen.storyboard; sourceTree = "<group>"; };
		F26A15F526B9854200629304 /* Info.plist */ = {isa = PBXFileReference; lastKnownFileType = text.plist.xml; path = Info.plist; sourceTree = "<group>"; };
		F26A15FC26B986F200629304 /* CookList.xcdatamodel */ = {isa = PBXFileReference; lastKnownFileType = wrapper.xcdatamodel; path = CookList.xcdatamodel; sourceTree = "<group>"; };
		F26A15FE26B9897B00629304 /* CookCreateViewController.swift */ = {isa = PBXFileReference; lastKnownFileType = sourcecode.swift; path = CookCreateViewController.swift; sourceTree = "<group>"; };
		F26A160026B989BF00629304 /* CookListViewController.swift */ = {isa = PBXFileReference; lastKnownFileType = sourcecode.swift; path = CookListViewController.swift; sourceTree = "<group>"; };
/* End PBXFileReference section */

/* Begin PBXFrameworksBuildPhase section */
		F26A15E126B9854000629304 /* Frameworks */ = {
			isa = PBXFrameworksBuildPhase;
			buildActionMask = 2147483647;
			files = (
			);
			runOnlyForDeploymentPostprocessing = 0;
		};
/* End PBXFrameworksBuildPhase section */

/* Begin PBXGroup section */
		F26A15DB26B9854000629304 = {
			isa = PBXGroup;
			children = (
				F26A15E626B9854000629304 /* CookList */,
				F26A15E526B9854000629304 /* Products */,
			);
			sourceTree = "<group>";
		};
		F26A15E526B9854000629304 /* Products */ = {
			isa = PBXGroup;
			children = (
				F26A15E426B9854000629304 /* CookList.app */,
			);
			name = Products;
			sourceTree = "<group>";
		};
		F26A15E626B9854000629304 /* CookList */ = {
			isa = PBXGroup;
			children = (
				F26A15E726B9854000629304 /* AppDelegate.swift */,
				F26A15E926B9854000629304 /* SceneDelegate.swift */,
				F26A15ED26B9854100629304 /* Main.storyboard */,
				F26A15F026B9854200629304 /* Assets.xcassets */,
				F26A15F226B9854200629304 /* LaunchScreen.storyboard */,
				F26A15F526B9854200629304 /* Info.plist */,
				F26A15FB26B986F200629304 /* CookList.xcdatamodeld */,
				F26A15FE26B9897B00629304 /* CookCreateViewController.swift */,
				F26A160026B989BF00629304 /* CookListViewController.swift */,
			);
			path = CookList;
			sourceTree = "<group>";
		};
/* End PBXGroup section */

/* Begin PBXNativeTarget section */
		F26A15E326B9854000629304 /* CookList */ = {
			isa = PBXNativeTarget;
			buildConfigurationList = F26A15F826B9854200629304 /* Build configuration list for PBXNativeTarget "CookList" */;
			buildPhases = (
				F26A15E026B9854000629304 /* Sources */,
				F26A15E126B9854000629304 /* Frameworks */,
				F26A15E226B9854000629304 /* Resources */,
			);
			buildRules = (
			);
			dependencies = (
			);
			name = CookList;
			productName = CookList;
			productReference = F26A15E426B9854000629304 /* CookList.app */;
			productType = "com.apple.product-type.application";
		};
/* End PBXNativeTarget section */

/* Begin PBXProject section */
		F26A15DC26B9854000629304 /* Project object */ = {
			isa = PBXProject;
			attributes = {
				LastSwiftUpdateCheck = 1250;
				LastUpgradeCheck = 1250;
				TargetAttributes = {
					F26A15E326B9854000629304 = {
						CreatedOnToolsVersion = 12.5.1;
					};
				};
			};
			buildConfigurationList = F26A15DF26B9854000629304 /* Build configuration list for PBXProject "CookList" */;
			compatibilityVersion = "Xcode 9.3";
			developmentRegion = en;
			hasScannedForEncodings = 0;
			knownRegions = (
				en,
				Base,
			);
			mainGroup = F26A15DB26B9854000629304;
			productRefGroup = F26A15E526B9854000629304 /* Products */;
			projectDirPath = "";
			projectRoot = "";
			targets = (
				F26A15E326B9854000629304 /* CookList */,
			);
		};
/* End PBXProject section */

/* Begin PBXResourcesBuildPhase section */
		F26A15E226B9854000629304 /* Resources */ = {
			isa = PBXResourcesBuildPhase;
			buildActionMask = 2147483647;
			files = (
				F26A15F426B9854200629304 /* LaunchScreen.storyboard in Resources */,
				F26A15F126B9854200629304 /* Assets.xcassets in Resources */,
				F26A15EF26B9854100629304 /* Main.storyboard in Resources */,
			);
			runOnlyForDeploymentPostprocessing = 0;
		};
/* End PBXResourcesBuildPhase section */

/* Begin PBXSourcesBuildPhase section */
		F26A15E026B9854000629304 /* Sources */ = {
			isa = PBXSourcesBuildPhase;
			buildActionMask = 2147483647;
			files = (
				F26A15FD26B986F200629304 /* CookList.xcdatamodeld in Sources */,
				F26A160126B989BF00629304 /* CookListViewController.swift in Sources */,
				F26A15FF26B9897B00629304 /* CookCreateViewController.swift in Sources */,
				F26A15E826B9854000629304 /* AppDelegate.swift in Sources */,
				F26A15EA26B9854000629304 /* SceneDelegate.swift in Sources */,
			);
			runOnlyForDeploymentPostprocessing = 0;
		};
/* End PBXSourcesBuildPhase section */

/* Begin PBXVariantGroup section */
		F26A15ED26B9854100629304 /* Main.storyboard */ = {
			isa = PBXVariantGroup;
			children = (
				F26A15EE26B9854100629304 /* Base */,
			);
			name = Main.storyboard;
			sourceTree = "<group>";
		};
		F26A15F226B9854200629304 /* LaunchScreen.storyboard */ = {
			isa = PBXVariantGroup;
			children = (
				F26A15F326B9854200629304 /* Base */,
			);
			name = LaunchScreen.storyboard;
			sourceTree = "<group>";
		};
/* End PBXVariantGroup section */

/* Begin XCBuildConfiguration section */
		F26A15F626B9854200629304 /* Debug */ = {
			isa = XCBuildConfiguration;
			buildSettings = {
				ALWAYS_SEARCH_USER_PATHS = NO;
				CLANG_ANALYZER_NONNULL = YES;
				CLANG_ANALYZER_NUMBER_OBJECT_CONVERSION = YES_AGGRESSIVE;
				CLANG_CXX_LANGUAGE_STANDARD = "gnu++14";
				CLANG_CXX_LIBRARY = "libc++";
				CLANG_ENABLE_MODULES = YES;
				CLANG_ENABLE_OBJC_ARC = YES;
				CLANG_ENABLE_OBJC_WEAK = YES;
				CLANG_WARN_BLOCK_CAPTURE_AUTORELEASING = YES;
				CLANG_WARN_BOOL_CONVERSION = YES;
				CLANG_WARN_COMMA = YES;
				CLANG_WARN_CONSTANT_CONVERSION = YES;
				CLANG_WARN_DEPRECATED_OBJC_IMPLEMENTATIONS = YES;
				CLANG_WARN_DIRECT_OBJC_ISA_USAGE = YES_ERROR;
				CLANG_WARN_DOCUMENTATION_COMMENTS = YES;
				CLANG_WARN_EMPTY_BODY = YES;
				CLANG_WARN_ENUM_CONVERSION = YES;
				CLANG_WARN_INFINITE_RECURSION = YES;
				CLANG_WARN_INT_CONVERSION = YES;
				CLANG_WARN_NON_LITERAL_NULL_CONVERSION = YES;
				CLANG_WARN_OBJC_IMPLICIT_RETAIN_SELF = YES;
				CLANG_WARN_OBJC_LITERAL_CONVERSION = YES;
				CLANG_WARN_OBJC_ROOT_CLASS = YES_ERROR;
				CLANG_WARN_QUOTED_INCLUDE_IN_FRAMEWORK_HEADER = YES;
				CLANG_WARN_RANGE_LOOP_ANALYSIS = YES;
				CLANG_WARN_STRICT_PROTOTYPES = YES;
				CLANG_WARN_SUSPICIOUS_MOVE = YES;
				CLANG_WARN_UNGUARDED_AVAILABILITY = YES_AGGRESSIVE;
				CLANG_WARN_UNREACHABLE_CODE = YES;
				CLANG_WARN__DUPLICATE_METHOD_MATCH = YES;
				COPY_PHASE_STRIP = NO;
				DEBUG_INFORMATION_FORMAT = dwarf;
				ENABLE_STRICT_OBJC_MSGSEND = YES;
				ENABLE_TESTABILITY = YES;
				GCC_C_LANGUAGE_STANDARD = gnu11;
				GCC_DYNAMIC_NO_PIC = NO;
				GCC_NO_COMMON_BLOCKS = YES;
				GCC_OPTIMIZATION_LEVEL = 0;
				GCC_PREPROCESSOR_DEFINITIONS = (
					"DEBUG=1",
					"$(inherited)",
				);
				GCC_WARN_64_TO_32_BIT_CONVERSION = YES;
				GCC_WARN_ABOUT_RETURN_TYPE = YES_ERROR;
				GCC_WARN_UNDECLARED_SELECTOR = YES;
				GCC_WARN_UNINITIALIZED_AUTOS = YES_AGGRESSIVE;
				GCC_WARN_UNUSED_FUNCTION = YES;
				GCC_WARN_UNUSED_VARIABLE = YES;
				IPHONEOS_DEPLOYMENT_TARGET = 14.5;
				MTL_ENABLE_DEBUG_INFO = INCLUDE_SOURCE;
				MTL_FAST_MATH = YES;
				ONLY_ACTIVE_ARCH = YES;
				SDKROOT = iphoneos;
				SWIFT_ACTIVE_COMPILATION_CONDITIONS = DEBUG;
				SWIFT_OPTIMIZATION_LEVEL = "-Onone";
			};
			name = Debug;
		};
		F26A15F726B9854200629304 /* Release */ = {
			isa = XCBuildConfiguration;
			buildSettings = {
				ALWAYS_SEARCH_USER_PATHS = NO;
				CLANG_ANALYZER_NONNULL = YES;
				CLANG_ANALYZER_NUMBER_OBJECT_CONVERSION = YES_AGGRESSIVE;
				CLANG_CXX_LANGUAGE_STANDARD = "gnu++14";
				CLANG_CXX_LIBRARY = "libc++";
				CLANG_ENABLE_MODULES = YES;
				CLANG_ENABLE_OBJC_ARC = YES;
				CLANG_ENABLE_OBJC_WEAK = YES;
				CLANG_WARN_BLOCK_CAPTURE_AUTORELEASING = YES;
				CLANG_WARN_BOOL_CONVERSION = YES;
				CLANG_WARN_COMMA = YES;
				CLANG_WARN_CONSTANT_CONVERSION = YES;
				CLANG_WARN_DEPRECATED_OBJC_IMPLEMENTATIONS = YES;
				CLANG_WARN_DIRECT_OBJC_ISA_USAGE = YES_ERROR;
				CLANG_WARN_DOCUMENTATION_COMMENTS = YES;
				CLANG_WARN_EMPTY_BODY = YES;
				CLANG_WARN_ENUM_CONVERSION = YES;
				CLANG_WARN_INFINITE_RECURSION = YES;
				CLANG_WARN_INT_CONVERSION = YES;
				CLANG_WARN_NON_LITERAL_NULL_CONVERSION = YES;
				CLANG_WARN_OBJC_IMPLICIT_RETAIN_SELF = YES;
				CLANG_WARN_OBJC_LITERAL_CONVERSION = YES;
				CLANG_WARN_OBJC_ROOT_CLASS = YES_ERROR;
				CLANG_WARN_QUOTED_INCLUDE_IN_FRAMEWORK_HEADER = YES;
				CLANG_WARN_RANGE_LOOP_ANALYSIS = YES;
				CLANG_WARN_STRICT_PROTOTYPES = YES;
				CLANG_WARN_SUSPICIOUS_MOVE = YES;
				CLANG_WARN_UNGUARDED_AVAILABILITY = YES_AGGRESSIVE;
				CLANG_WARN_UNREACHABLE_CODE = YES;
				CLANG_WARN__DUPLICATE_METHOD_MATCH = YES;
				COPY_PHASE_STRIP = NO;
				DEBUG_INFORMATION_FORMAT = "dwarf-with-dsym";
				ENABLE_NS_ASSERTIONS = NO;
				ENABLE_STRICT_OBJC_MSGSEND = YES;
				GCC_C_LANGUAGE_STANDARD = gnu11;
				GCC_NO_COMMON_BLOCKS = YES;
				GCC_WARN_64_TO_32_BIT_CONVERSION = YES;
				GCC_WARN_ABOUT_RETURN_TYPE = YES_ERROR;
				GCC_WARN_UNDECLARED_SELECTOR = YES;
				GCC_WARN_UNINITIALIZED_AUTOS = YES_AGGRESSIVE;
				GCC_WARN_UNUSED_FUNCTION = YES;
				GCC_WARN_UNUSED_VARIABLE = YES;
				IPHONEOS_DEPLOYMENT_TARGET = 14.5;
				MTL_ENABLE_DEBUG_INFO = NO;
				MTL_FAST_MATH = YES;
				SDKROOT = iphoneos;
				SWIFT_COMPILATION_MODE = wholemodule;
				SWIFT_OPTIMIZATION_LEVEL = "-O";
				VALIDATE_PRODUCT = YES;
			};
			name = Release;
		};
		F26A15F926B9854200629304 /* Debug */ = {
			isa = XCBuildConfiguration;
			buildSettings = {
				ASSETCATALOG_COMPILER_APPICON_NAME = AppIcon;
				ASSETCATALOG_COMPILER_GLOBAL_ACCENT_COLOR_NAME = AccentColor;
				CODE_SIGN_STYLE = Automatic;
				DEVELOPMENT_TEAM = 5FU52Q98ZG;
				INFOPLIST_FILE = CookList/Info.plist;
				LD_RUNPATH_SEARCH_PATHS = (
					"$(inherited)",
					"@executable_path/Frameworks",
				);
				PRODUCT_BUNDLE_IDENTIFIER = com.dogukanberkozer.CookList;
				PRODUCT_NAME = "$(TARGET_NAME)";
				SWIFT_VERSION = 5.0;
				TARGETED_DEVICE_FAMILY = "1,2";
			};
			name = Debug;
		};
		F26A15FA26B9854200629304 /* Release */ = {
			isa = XCBuildConfiguration;
			buildSettings = {
				ASSETCATALOG_COMPILER_APPICON_NAME = AppIcon;
				ASSETCATALOG_COMPILER_GLOBAL_ACCENT_COLOR_NAME = AccentColor;
				CODE_SIGN_STYLE = Automatic;
				DEVELOPMENT_TEAM = 5FU52Q98ZG;
				INFOPLIST_FILE = CookList/Info.plist;
				LD_RUNPATH_SEARCH_PATHS = (
					"$(inherited)",
					"@executable_path/Frameworks",
				);
				PRODUCT_BUNDLE_IDENTIFIER = com.dogukanberkozer.CookList;
				PRODUCT_NAME = "$(TARGET_NAME)";
				SWIFT_VERSION = 5.0;
				TARGETED_DEVICE_FAMILY = "1,2";
			};
			name = Release;
		};
/* End XCBuildConfiguration section */

/* Begin XCConfigurationList section */
		F26A15DF26B9854000629304 /* Build configuration list for PBXProject "CookList" */ = {
			isa = XCConfigurationList;
			buildConfigurations = (
				F26A15F626B9854200629304 /* Debug */,
				F26A15F726B9854200629304 /* Release */,
			);
			defaultConfigurationIsVisible = 0;
			defaultConfigurationName = Release;
		};
		F26A15F826B9854200629304 /* Build configuration list for PBXNativeTarget "CookList" */ = {
			isa = XCConfigurationList;
			buildConfigurations = (
				F26A15F926B9854200629304 /* Debug */,
				F26A15FA26B9854200629304 /* Release */,
			);
			defaultConfigurationIsVisible = 0;
			defaultConfigurationName = Release;
		};
/* End XCConfigurationList section */

/* Begin XCVersionGroup section */
		F26A15FB26B986F200629304 /* CookList.xcdatamodeld */ = {
			isa = XCVersionGroup;
			children = (
				F26A15FC26B986F200629304 /* CookList.xcdatamodel */,
			);
			currentVersion = F26A15FC26B986F200629304 /* CookList.xcdatamodel */;
			path = CookList.xcdatamodeld;
			sourceTree = "<group>";
			versionGroupType = wrapper.xcdatamodel;
		};
/* End XCVersionGroup section */
	};
	rootObject = F26A15DC26B9854000629304 /* Project object */;
}
